
Microsoft Visual Studio Solution File, Format Version 12.00
# Visual Studio Version 17
VisualStudioVersion = 17.4.33205.214
MinimumVisualStudioVersion = 10.0.40219.1
Project("{FAE04EC0-301F-11D3-BF4B-00C04F79EFBC}") = "Moment 1.1", "Moment 1.1\Moment 1.1.csproj", "{FA099101-D202-49D4-9013-9796A6FBEBF0}"
EndProject
Global
	GlobalSection(SolutionConfigurationPlatforms) = preSolution
		Debug|Any CPU = Debug|Any CPU
		Release|Any CPU = Release|Any CPU
	EndGlobalSection
	GlobalSection(ProjectConfigurationPlatforms) = postSolution
		{FA099101-D202-49D4-9013-9796A6FBEBF0}.Debug|Any CPU.ActiveCfg = Debug|Any CPU
		{FA099101-D202-49D4-9013-9796A6FBEBF0}.Debug|Any CPU.Build.0 = Debug|Any CPU
		{FA099101-D202-49D4-9013-9796A6FBEBF0}.Release|Any CPU.ActiveCfg = Release|Any CPU
		{FA099101-D202-49D4-9013-9796A6FBEBF0}.Release|Any CPU.Build.0 = Release|Any CPU
	EndGlobalSection
	GlobalSection(SolutionProperties) = preSolution
		HideSolutionNode = FALSE
	EndGlobalSection
	GlobalSection(ExtensibilityGlobals) = postSolution
		SolutionGuid = {827B8B0C-9C99-4670-AF12-3CDC6F5763E1}
	EndGlobalSection
EndGlobal
